
Microsoft Visual Studio Solution File, Format Version 12.00
# Visual Studio Version 16
VisualStudioVersion = 16.0.30011.22
MinimumVisualStudioVersion = 10.0.40219.1
Project("{FAE04EC0-301F-11D3-BF4B-00C04F79EFBC}") = "ClassMetotDemo", "ClassMetotDemo\ClassMetotDemo.csproj", "{473B10F1-8801-4AAF-B105-B4BC5028B842}"
EndProject
Global
	GlobalSection(SolutionConfigurationPlatforms) = preSolution
		Debug|Any CPU = Debug|Any CPU
		Release|Any CPU = Release|Any CPU
	EndGlobalSection
	GlobalSection(ProjectConfigurationPlatforms) = postSolution
		{473B10F1-8801-4AAF-B105-B4BC5028B842}.Debug|Any CPU.ActiveCfg = Debug|Any CPU
		{473B10F1-8801-4AAF-B105-B4BC5028B842}.Debug|Any CPU.Build.0 = Debug|Any CPU
		{473B10F1-8801-4AAF-B105-B4BC5028B842}.Release|Any CPU.ActiveCfg = Release|Any CPU
		{473B10F1-8801-4AAF-B105-B4BC5028B842}.Release|Any CPU.Build.0 = Release|Any CPU
	EndGlobalSection
	GlobalSection(SolutionProperties) = preSolution
		HideSolutionNode = FALSE
	EndGlobalSection
	GlobalSection(ExtensibilityGlobals) = postSolution
		SolutionGuid = {BC449C25-1674-4E50-9F53-07201C7F9E27}
	EndGlobalSection
EndGlobal
